
Microsoft Visual Studio Solution File, Format Version 12.00
# Visual Studio Version 17
VisualStudioVersion = 17.6.33815.320
MinimumVisualStudioVersion = 10.0.40219.1
Project("{9A19103F-16F7-4668-BE54-9A1E7A4F7556}") = "t02_HelloWorld", "t02_HelloWorld\t02_HelloWorld.csproj", "{A34C188D-6C20-4D09-9B91-AF40BBFA720E}"
EndProject
Project("{9A19103F-16F7-4668-BE54-9A1E7A4F7556}") = "t03_05_Variables", "t03_05_Variables\t03_05_Variables.csproj", "{68D1D095-296E-4190-A2A1-89B92B46056F}"
EndProject
Project("{9A19103F-16F7-4668-BE54-9A1E7A4F7556}") = "t03_07_TypeConversion", "t03_07_TypeConversion\t03_07_TypeConversion.csproj", "{6B02C257-1E9C-481B-9AD1-8BB38737A174}"
EndProject
Project("{9A19103F-16F7-4668-BE54-9A1E7A4F7556}") = "t03_10_Operators", "t03_10_Operators\t03_10_Operators.csproj", "{F19C0DA4-7AAB-4EAE-84B9-7F364E0C8096}"
EndProject
Project("{9A19103F-16F7-4668-BE54-9A1E7A4F7556}") = "t04_03_Classes", "t04_03_Classes\t04_03_Classes.csproj", "{450D3F71-7D1F-4A95-B63B-AB9D4C0F3B87}"
EndProject
Project("{9A19103F-16F7-4668-BE54-9A1E7A4F7556}") = "t04_06_Arrays", "t04_06_Arrays\t04_06_Arrays.csproj", "{C699D9BA-BD9C-4FF0-A845-BD30C4058996}"
EndProject
Project("{9A19103F-16F7-4668-BE54-9A1E7A4F7556}") = "t04_08_Strings", "t04_08_Strings\t04_08_Strings.csproj", "{66B80F0F-CBCB-4439-A98B-BBA56AE2B32A}"
EndProject
Project("{9A19103F-16F7-4668-BE54-9A1E7A4F7556}") = "t04_10_Enums", "t04_10_Enums\t04_10_Enums.csproj", "{9AC263F1-68A4-4D0C-B0C4-EAA734764365}"
EndProject
Project("{9A19103F-16F7-4668-BE54-9A1E7A4F7556}") = "t04_12_RefAndValTypesExample1", "t04_12_RefAndValTypesExample1\t04_12_RefAndValTypesExample1.csproj", "{DA720182-1BBE-4FF9-8C14-F151E106E03A}"
EndProject
Project("{9A19103F-16F7-4668-BE54-9A1E7A4F7556}") = "t04_13_RefAndValTypesExample2", "t04_13_RefAndValTypesExample2\t04_13_RefAndValTypesExample2.csproj", "{4506133A-752B-446E-8BF0-76D9A00EC97B}"
EndProject
Project("{FAE04EC0-301F-11D3-BF4B-00C04F79EFBC}") = "t05_03_Conditionals", "t05_03_Conditionals\t05_03_Conditionals.csproj", "{57C7B3E8-2ED7-42DC-A51B-91F27F3962A0}"
EndProject
Project("{FAE04EC0-301F-11D3-BF4B-00C04F79EFBC}") = "t05_04_01_ConditionalsExercise1", "t05_04_01_ConditionalsExercise1\t05_04_01_ConditionalsExercise1.csproj", "{00E2E78F-BB6E-4232-920D-A7942C6E9FD9}"
EndProject
Project("{FAE04EC0-301F-11D3-BF4B-00C04F79EFBC}") = "t05_04_02_ConditionalsExercise2", "t05_04_02_ConditionalsExercise2\t05_04_02_ConditionalsExercise2.csproj", "{A7F3B30B-82AE-4331-82F1-922519F47EB1}"
EndProject
Global
	GlobalSection(SolutionConfigurationPlatforms) = preSolution
		Debug|Any CPU = Debug|Any CPU
		Release|Any CPU = Release|Any CPU
	EndGlobalSection
	GlobalSection(ProjectConfigurationPlatforms) = postSolution
		{A34C188D-6C20-4D09-9B91-AF40BBFA720E}.Debug|Any CPU.ActiveCfg = Debug|Any CPU
		{A34C188D-6C20-4D09-9B91-AF40BBFA720E}.Debug|Any CPU.Build.0 = Debug|Any CPU
		{A34C188D-6C20-4D09-9B91-AF40BBFA720E}.Release|Any CPU.ActiveCfg = Release|Any CPU
		{A34C188D-6C20-4D09-9B91-AF40BBFA720E}.Release|Any CPU.Build.0 = Release|Any CPU
		{68D1D095-296E-4190-A2A1-89B92B46056F}.Debug|Any CPU.ActiveCfg = Debug|Any CPU
		{68D1D095-296E-4190-A2A1-89B92B46056F}.Debug|Any CPU.Build.0 = Debug|Any CPU
		{68D1D095-296E-4190-A2A1-89B92B46056F}.Release|Any CPU.ActiveCfg = Release|Any CPU
		{68D1D095-296E-4190-A2A1-89B92B46056F}.Release|Any CPU.Build.0 = Release|Any CPU
		{6B02C257-1E9C-481B-9AD1-8BB38737A174}.Debug|Any CPU.ActiveCfg = Debug|Any CPU
		{6B02C257-1E9C-481B-9AD1-8BB38737A174}.Debug|Any CPU.Build.0 = Debug|Any CPU
		{6B02C257-1E9C-481B-9AD1-8BB38737A174}.Release|Any CPU.ActiveCfg = Release|Any CPU
		{6B02C257-1E9C-481B-9AD1-8BB38737A174}.Release|Any CPU.Build.0 = Release|Any CPU
		{F19C0DA4-7AAB-4EAE-84B9-7F364E0C8096}.Debug|Any CPU.ActiveCfg = Debug|Any CPU
		{F19C0DA4-7AAB-4EAE-84B9-7F364E0C8096}.Debug|Any CPU.Build.0 = Debug|Any CPU
		{F19C0DA4-7AAB-4EAE-84B9-7F364E0C8096}.Release|Any CPU.ActiveCfg = Release|Any CPU
		{F19C0DA4-7AAB-4EAE-84B9-7F364E0C8096}.Release|Any CPU.Build.0 = Release|Any CPU
		{450D3F71-7D1F-4A95-B63B-AB9D4C0F3B87}.Debug|Any CPU.ActiveCfg = Debug|Any CPU
		{450D3F71-7D1F-4A95-B63B-AB9D4C0F3B87}.Debug|Any CPU.Build.0 = Debug|Any CPU
		{450D3F71-7D1F-4A95-B63B-AB9D4C0F3B87}.Release|Any CPU.ActiveCfg = Release|Any CPU
		{450D3F71-7D1F-4A95-B63B-AB9D4C0F3B87}.Release|Any CPU.Build.0 = Release|Any CPU
		{C699D9BA-BD9C-4FF0-A845-BD30C4058996}.Debug|Any CPU.ActiveCfg = Debug|Any CPU
		{C699D9BA-BD9C-4FF0-A845-BD30C4058996}.Debug|Any CPU.Build.0 = Debug|Any CPU
		{C699D9BA-BD9C-4FF0-A845-BD30C4058996}.Release|Any CPU.ActiveCfg = Release|Any CPU
		{C699D9BA-BD9C-4FF0-A845-BD30C4058996}.Release|Any CPU.Build.0 = Release|Any CPU
		{66B80F0F-CBCB-4439-A98B-BBA56AE2B32A}.Debug|Any CPU.ActiveCfg = Debug|Any CPU
		{66B80F0F-CBCB-4439-A98B-BBA56AE2B32A}.Debug|Any CPU.Build.0 = Debug|Any CPU
		{66B80F0F-CBCB-4439-A98B-BBA56AE2B32A}.Release|Any CPU.ActiveCfg = Release|Any CPU
		{66B80F0F-CBCB-4439-A98B-BBA56AE2B32A}.Release|Any CPU.Build.0 = Release|Any CPU
		{9AC263F1-68A4-4D0C-B0C4-EAA734764365}.Debug|Any CPU.ActiveCfg = Debug|Any CPU
		{9AC263F1-68A4-4D0C-B0C4-EAA734764365}.Debug|Any CPU.Build.0 = Debug|Any CPU
		{9AC263F1-68A4-4D0C-B0C4-EAA734764365}.Release|Any CPU.ActiveCfg = Release|Any CPU
		{9AC263F1-68A4-4D0C-B0C4-EAA734764365}.Release|Any CPU.Build.0 = Release|Any CPU
		{DA720182-1BBE-4FF9-8C14-F151E106E03A}.Debug|Any CPU.ActiveCfg = Debug|Any CPU
		{DA720182-1BBE-4FF9-8C14-F151E106E03A}.Debug|Any CPU.Build.0 = Debug|Any CPU
		{DA720182-1BBE-4FF9-8C14-F151E106E03A}.Release|Any CPU.ActiveCfg = Release|Any CPU
		{DA720182-1BBE-4FF9-8C14-F151E106E03A}.Release|Any CPU.Build.0 = Release|Any CPU
		{4506133A-752B-446E-8BF0-76D9A00EC97B}.Debug|Any CPU.ActiveCfg = Debug|Any CPU
		{4506133A-752B-446E-8BF0-76D9A00EC97B}.Debug|Any CPU.Build.0 = Debug|Any CPU
		{4506133A-752B-446E-8BF0-76D9A00EC97B}.Release|Any CPU.ActiveCfg = Release|Any CPU
		{4506133A-752B-446E-8BF0-76D9A00EC97B}.Release|Any CPU.Build.0 = Release|Any CPU
		{57C7B3E8-2ED7-42DC-A51B-91F27F3962A0}.Debug|Any CPU.ActiveCfg = Debug|Any CPU
		{57C7B3E8-2ED7-42DC-A51B-91F27F3962A0}.Debug|Any CPU.Build.0 = Debug|Any CPU
		{57C7B3E8-2ED7-42DC-A51B-91F27F3962A0}.Release|Any CPU.ActiveCfg = Release|Any CPU
		{57C7B3E8-2ED7-42DC-A51B-91F27F3962A0}.Release|Any CPU.Build.0 = Release|Any CPU
		{00E2E78F-BB6E-4232-920D-A7942C6E9FD9}.Debug|Any CPU.ActiveCfg = Debug|Any CPU
		{00E2E78F-BB6E-4232-920D-A7942C6E9FD9}.Debug|Any CPU.Build.0 = Debug|Any CPU
		{00E2E78F-BB6E-4232-920D-A7942C6E9FD9}.Release|Any CPU.ActiveCfg = Release|Any CPU
		{00E2E78F-BB6E-4232-920D-A7942C6E9FD9}.Release|Any CPU.Build.0 = Release|Any CPU
		{A7F3B30B-82AE-4331-82F1-922519F47EB1}.Debug|Any CPU.ActiveCfg = Debug|Any CPU
		{A7F3B30B-82AE-4331-82F1-922519F47EB1}.Debug|Any CPU.Build.0 = Debug|Any CPU
		{A7F3B30B-82AE-4331-82F1-922519F47EB1}.Release|Any CPU.ActiveCfg = Release|Any CPU
		{A7F3B30B-82AE-4331-82F1-922519F47EB1}.Release|Any CPU.Build.0 = Release|Any CPU
	EndGlobalSection
	GlobalSection(SolutionProperties) = preSolution
		HideSolutionNode = FALSE
	EndGlobalSection
	GlobalSection(ExtensibilityGlobals) = postSolution
		SolutionGuid = {DBC8F42D-A021-4042-BC49-4A8D48B04745}
	EndGlobalSection
EndGlobal
